// !$*UTF8*$!
{
	archiveVersion = 1;
	classes = {
	};
	objectVersion = 55;
	objects = {

/* Begin PBXBuildFile section */
		3B5806D32869930100E7B8BF /* GameViewModel.swift in Sources */ = {isa = PBXBuildFile; fileRef = 3B5806D22869930100E7B8BF /* GameViewModel.swift */; };
		3B5806D6286994E200E7B8BF /* ChessLogic in Frameworks */ = {isa = PBXBuildFile; productRef = 3B5806D5286994E200E7B8BF /* ChessLogic */; };
		3BA507D7286043B2005034CE /* ChessGameApp.swift in Sources */ = {isa = PBXBuildFile; fileRef = 3BA507D6286043B2005034CE /* ChessGameApp.swift */; };
		3BA507D9286043B2005034CE /* GameView.swift in Sources */ = {isa = PBXBuildFile; fileRef = 3BA507D8286043B2005034CE /* GameView.swift */; };
		3BA507DB286043B4005034CE /* Assets.xcassets in Resources */ = {isa = PBXBuildFile; fileRef = 3BA507DA286043B4005034CE /* Assets.xcassets */; };
		3BA507DE286043B4005034CE /* Preview Assets.xcassets in Resources */ = {isa = PBXBuildFile; fileRef = 3BA507DD286043B4005034CE /* Preview Assets.xcassets */; };
		3BA507E8286043B4005034CE /* ChessGameTests.swift in Sources */ = {isa = PBXBuildFile; fileRef = 3BA507E7286043B4005034CE /* ChessGameTests.swift */; };
		3BA507F2286043B4005034CE /* ChessGameUITests.swift in Sources */ = {isa = PBXBuildFile; fileRef = 3BA507F1286043B4005034CE /* ChessGameUITests.swift */; };
		3BA507F4286043B4005034CE /* ChessGameUITestsLaunchTests.swift in Sources */ = {isa = PBXBuildFile; fileRef = 3BA507F3286043B4005034CE /* ChessGameUITestsLaunchTests.swift */; };
/* End PBXBuildFile section */

/* Begin PBXContainerItemProxy section */
		3BA507E4286043B4005034CE /* PBXContainerItemProxy */ = {
			isa = PBXContainerItemProxy;
			containerPortal = 3BA507CB286043B2005034CE /* Project object */;
			proxyType = 1;
			remoteGlobalIDString = 3BA507D2286043B2005034CE;
			remoteInfo = ChessGame;
		};
		3BA507EE286043B4005034CE /* PBXContainerItemProxy */ = {
			isa = PBXContainerItemProxy;
			containerPortal = 3BA507CB286043B2005034CE /* Project object */;
			proxyType = 1;
			remoteGlobalIDString = 3BA507D2286043B2005034CE;
			remoteInfo = ChessGame;
		};
/* End PBXContainerItemProxy section */

/* Begin PBXFileReference section */
		3B5806D22869930100E7B8BF /* GameViewModel.swift */ = {isa = PBXFileReference; lastKnownFileType = sourcecode.swift; path = GameViewModel.swift; sourceTree = "<group>"; };
		3BA507D3286043B2005034CE /* ChessGame.app */ = {isa = PBXFileReference; explicitFileType = wrapper.application; includeInIndex = 0; path = ChessGame.app; sourceTree = BUILT_PRODUCTS_DIR; };
		3BA507D6286043B2005034CE /* ChessGameApp.swift */ = {isa = PBXFileReference; lastKnownFileType = sourcecode.swift; path = ChessGameApp.swift; sourceTree = "<group>"; };
		3BA507D8286043B2005034CE /* GameView.swift */ = {isa = PBXFileReference; lastKnownFileType = sourcecode.swift; path = GameView.swift; sourceTree = "<group>"; };
		3BA507DA286043B4005034CE /* Assets.xcassets */ = {isa = PBXFileReference; lastKnownFileType = folder.assetcatalog; path = Assets.xcassets; sourceTree = "<group>"; };
		3BA507DD286043B4005034CE /* Preview Assets.xcassets */ = {isa = PBXFileReference; lastKnownFileType = folder.assetcatalog; path = "Preview Assets.xcassets"; sourceTree = "<group>"; };
		3BA507E3286043B4005034CE /* ChessGameTests.xctest */ = {isa = PBXFileReference; explicitFileType = wrapper.cfbundle; includeInIndex = 0; path = ChessGameTests.xctest; sourceTree = BUILT_PRODUCTS_DIR; };
		3BA507E7286043B4005034CE /* ChessGameTests.swift */ = {isa = PBXFileReference; lastKnownFileType = sourcecode.swift; path = ChessGameTests.swift; sourceTree = "<group>"; };
		3BA507ED286043B4005034CE /* ChessGameUITests.xctest */ = {isa = PBXFileReference; explicitFileType = wrapper.cfbundle; includeInIndex = 0; path = ChessGameUITests.xctest; sourceTree = BUILT_PRODUCTS_DIR; };
		3BA507F1286043B4005034CE /* ChessGameUITests.swift */ = {isa = PBXFileReference; lastKnownFileType = sourcecode.swift; path = ChessGameUITests.swift; sourceTree = "<group>"; };
		3BA507F3286043B4005034CE /* ChessGameUITestsLaunchTests.swift */ = {isa = PBXFileReference; lastKnownFileType = sourcecode.swift; path = ChessGameUITestsLaunchTests.swift; sourceTree = "<group>"; };
		3BA50800286046AD005034CE /* ChessLogic */ = {isa = PBXFileReference; lastKnownFileType = wrapper; name = ChessLogic; path = ChessGame/ChessLogic; sourceTree = "<group>"; };
/* End PBXFileReference section */

/* Begin PBXFrameworksBuildPhase section */
		3BA507D0286043B2005034CE /* Frameworks */ = {
			isa = PBXFrameworksBuildPhase;
			buildActionMask = 2147483647;
			files = (
				3B5806D6286994E200E7B8BF /* ChessLogic in Frameworks */,
			);
			runOnlyForDeploymentPostprocessing = 0;
		};
		3BA507E0286043B4005034CE /* Frameworks */ = {
			isa = PBXFrameworksBuildPhase;
			buildActionMask = 2147483647;
			files = (
			);
			runOnlyForDeploymentPostprocessing = 0;
		};
		3BA507EA286043B4005034CE /* Frameworks */ = {
			isa = PBXFrameworksBuildPhase;
			buildActionMask = 2147483647;
			files = (
			);
			runOnlyForDeploymentPostprocessing = 0;
		};
/* End PBXFrameworksBuildPhase section */

/* Begin PBXGroup section */
		3B5806D4286994E200E7B8BF /* Frameworks */ = {
			isa = PBXGroup;
			children = (
			);
			name = Frameworks;
			sourceTree = "<group>";
		};
		3BA507CA286043B2005034CE = {
			isa = PBXGroup;
			children = (
				3BA50800286046AD005034CE /* ChessLogic */,
				3BA507D5286043B2005034CE /* ChessGame */,
				3BA507E6286043B4005034CE /* ChessGameTests */,
				3BA507F0286043B4005034CE /* ChessGameUITests */,
				3BA507D4286043B2005034CE /* Products */,
				3B5806D4286994E200E7B8BF /* Frameworks */,
			);
			sourceTree = "<group>";
		};
		3BA507D4286043B2005034CE /* Products */ = {
			isa = PBXGroup;
			children = (
				3BA507D3286043B2005034CE /* ChessGame.app */,
				3BA507E3286043B4005034CE /* ChessGameTests.xctest */,
				3BA507ED286043B4005034CE /* ChessGameUITests.xctest */,
			);
			name = Products;
			sourceTree = "<group>";
		};
		3BA507D5286043B2005034CE /* ChessGame */ = {
			isa = PBXGroup;
			children = (
				3BA507D6286043B2005034CE /* ChessGameApp.swift */,
				3B5806D22869930100E7B8BF /* GameViewModel.swift */,
				3BA507D8286043B2005034CE /* GameView.swift */,
				3BA507DA286043B4005034CE /* Assets.xcassets */,
				3BA507DC286043B4005034CE /* Preview Content */,
			);
			path = ChessGame;
			sourceTree = "<group>";
		};
		3BA507DC286043B4005034CE /* Preview Content */ = {
			isa = PBXGroup;
			children = (
				3BA507DD286043B4005034CE /* Preview Assets.xcassets */,
			);
			path = "Preview Content";
			sourceTree = "<group>";
		};
		3BA507E6286043B4005034CE /* ChessGameTests */ = {
			isa = PBXGroup;
			children = (
				3BA507E7286043B4005034CE /* ChessGameTests.swift */,
			);
			path = ChessGameTests;
			sourceTree = "<group>";
		};
		3BA507F0286043B4005034CE /* ChessGameUITests */ = {
			isa = PBXGroup;
			children = (
				3BA507F1286043B4005034CE /* ChessGameUITests.swift */,
				3BA507F3286043B4005034CE /* ChessGameUITestsLaunchTests.swift */,
			);
			path = ChessGameUITests;
			sourceTree = "<group>";
		};
/* End PBXGroup section */

/* Begin PBXNativeTarget section */
		3BA507D2286043B2005034CE /* ChessGame */ = {
			isa = PBXNativeTarget;
			buildConfigurationList = 3BA507F7286043B4005034CE /* Build configuration list for PBXNativeTarget "ChessGame" */;
			buildPhases = (
				3BA507CF286043B2005034CE /* Sources */,
				3BA507D0286043B2005034CE /* Frameworks */,
				3BA507D1286043B2005034CE /* Resources */,
			);
			buildRules = (
			);
			dependencies = (
			);
			name = ChessGame;
			packageProductDependencies = (
				3B5806D5286994E200E7B8BF /* ChessLogic */,
			);
			productName = ChessGame;
			productReference = 3BA507D3286043B2005034CE /* ChessGame.app */;
			productType = "com.apple.product-type.application";
		};
		3BA507E2286043B4005034CE /* ChessGameTests */ = {
			isa = PBXNativeTarget;
			buildConfigurationList = 3BA507FA286043B4005034CE /* Build configuration list for PBXNativeTarget "ChessGameTests" */;
			buildPhases = (
				3BA507DF286043B4005034CE /* Sources */,
				3BA507E0286043B4005034CE /* Frameworks */,
				3BA507E1286043B4005034CE /* Resources */,
			);
			buildRules = (
			);
			dependencies = (
				3BA507E5286043B4005034CE /* PBXTargetDependency */,
			);
			name = ChessGameTests;
			productName = ChessGameTests;
			productReference = 3BA507E3286043B4005034CE /* ChessGameTests.xctest */;
			productType = "com.apple.product-type.bundle.unit-test";
		};
		3BA507EC286043B4005034CE /* ChessGameUITests */ = {
			isa = PBXNativeTarget;
			buildConfigurationList = 3BA507FD286043B4005034CE /* Build configuration list for PBXNativeTarget "ChessGameUITests" */;
			buildPhases = (
				3BA507E9286043B4005034CE /* Sources */,
				3BA507EA286043B4005034CE /* Frameworks */,
				3BA507EB286043B4005034CE /* Resources */,
			);
			buildRules = (
			);
			dependencies = (
				3BA507EF286043B4005034CE /* PBXTargetDependency */,
			);
			name = ChessGameUITests;
			productName = ChessGameUITests;
			productReference = 3BA507ED286043B4005034CE /* ChessGameUITests.xctest */;
			productType = "com.apple.product-type.bundle.ui-testing";
		};
/* End PBXNativeTarget section */

/* Begin PBXProject section */
		3BA507CB286043B2005034CE /* Project object */ = {
			isa = PBXProject;
			attributes = {
				BuildIndependentTargetsInParallel = 1;
				LastSwiftUpdateCheck = 1330;
				LastUpgradeCheck = 1330;
				TargetAttributes = {
					3BA507D2286043B2005034CE = {
						CreatedOnToolsVersion = 13.3.1;
					};
					3BA507E2286043B4005034CE = {
						CreatedOnToolsVersion = 13.3.1;
						TestTargetID = 3BA507D2286043B2005034CE;
					};
					3BA507EC286043B4005034CE = {
						CreatedOnToolsVersion = 13.3.1;
						TestTargetID = 3BA507D2286043B2005034CE;
					};
				};
			};
			buildConfigurationList = 3BA507CE286043B2005034CE /* Build configuration list for PBXProject "ChessGame" */;
			compatibilityVersion = "Xcode 13.0";
			developmentRegion = en;
			hasScannedForEncodings = 0;
			knownRegions = (
				en,
				Base,
			);
			mainGroup = 3BA507CA286043B2005034CE;
			productRefGroup = 3BA507D4286043B2005034CE /* Products */;
			projectDirPath = "";
			projectRoot = "";
			targets = (
				3BA507D2286043B2005034CE /* ChessGame */,
				3BA507E2286043B4005034CE /* ChessGameTests */,
				3BA507EC286043B4005034CE /* ChessGameUITests */,
			);
		};
/* End PBXProject section */

/* Begin PBXResourcesBuildPhase section */
		3BA507D1286043B2005034CE /* Resources */ = {
			isa = PBXResourcesBuildPhase;
			buildActionMask = 2147483647;
			files = (
				3BA507DE286043B4005034CE /* Preview Assets.xcassets in Resources */,
				3BA507DB286043B4005034CE /* Assets.xcassets in Resources */,
			);
			runOnlyForDeploymentPostprocessing = 0;
		};
		3BA507E1286043B4005034CE /* Resources */ = {
			isa = PBXResourcesBuildPhase;
			buildActionMask = 2147483647;
			files = (
			);
			runOnlyForDeploymentPostprocessing = 0;
		};
		3BA507EB286043B4005034CE /* Resources */ = {
			isa = PBXResourcesBuildPhase;
			buildActionMask = 2147483647;
			files = (
			);
			runOnlyForDeploymentPostprocessing = 0;
		};
/* End PBXResourcesBuildPhase section */

/* Begin PBXSourcesBuildPhase section */
		3BA507CF286043B2005034CE /* Sources */ = {
			isa = PBXSourcesBuildPhase;
			buildActionMask = 2147483647;
			files = (
				3B5806D32869930100E7B8BF /* GameViewModel.swift in Sources */,
				3BA507D9286043B2005034CE /* GameView.swift in Sources */,
				3BA507D7286043B2005034CE /* ChessGameApp.swift in Sources */,
			);
			runOnlyForDeploymentPostprocessing = 0;
		};
		3BA507DF286043B4005034CE /* Sources */ = {
			isa = PBXSourcesBuildPhase;
			buildActionMask = 2147483647;
			files = (
				3BA507E8286043B4005034CE /* ChessGameTests.swift in Sources */,
			);
			runOnlyForDeploymentPostprocessing = 0;
		};
		3BA507E9286043B4005034CE /* Sources */ = {
			isa = PBXSourcesBuildPhase;
			buildActionMask = 2147483647;
			files = (
				3BA507F2286043B4005034CE /* ChessGameUITests.swift in Sources */,
				3BA507F4286043B4005034CE /* ChessGameUITestsLaunchTests.swift in Sources */,
			);
			runOnlyForDeploymentPostprocessing = 0;
		};
/* End PBXSourcesBuildPhase section */

/* Begin PBXTargetDependency section */
		3BA507E5286043B4005034CE /* PBXTargetDependency */ = {
			isa = PBXTargetDependency;
			target = 3BA507D2286043B2005034CE /* ChessGame */;
			targetProxy = 3BA507E4286043B4005034CE /* PBXContainerItemProxy */;
		};
		3BA507EF286043B4005034CE /* PBXTargetDependency */ = {
			isa = PBXTargetDependency;
			target = 3BA507D2286043B2005034CE /* ChessGame */;
			targetProxy = 3BA507EE286043B4005034CE /* PBXContainerItemProxy */;
		};
/* End PBXTargetDependency section */

/* Begin XCBuildConfiguration section */
		3BA507F5286043B4005034CE /* Debug */ = {
			isa = XCBuildConfiguration;
			buildSettings = {
				ALWAYS_SEARCH_USER_PATHS = NO;
				CLANG_ANALYZER_NONNULL = YES;
				CLANG_ANALYZER_NUMBER_OBJECT_CONVERSION = YES_AGGRESSIVE;
				CLANG_CXX_LANGUAGE_STANDARD = "gnu++17";
				CLANG_ENABLE_MODULES = YES;
				CLANG_ENABLE_OBJC_ARC = YES;
				CLANG_ENABLE_OBJC_WEAK = YES;
				CLANG_WARN_BLOCK_CAPTURE_AUTORELEASING = YES;
				CLANG_WARN_BOOL_CONVERSION = YES;
				CLANG_WARN_COMMA = YES;
				CLANG_WARN_CONSTANT_CONVERSION = YES;
				CLANG_WARN_DEPRECATED_OBJC_IMPLEMENTATIONS = YES;
				CLANG_WARN_DIRECT_OBJC_ISA_USAGE = YES_ERROR;
				CLANG_WARN_DOCUMENTATION_COMMENTS = YES;
				CLANG_WARN_EMPTY_BODY = YES;
				CLANG_WARN_ENUM_CONVERSION = YES;
				CLANG_WARN_INFINITE_RECURSION = YES;
				CLANG_WARN_INT_CONVERSION = YES;
				CLANG_WARN_NON_LITERAL_NULL_CONVERSION = YES;
				CLANG_WARN_OBJC_IMPLICIT_RETAIN_SELF = YES;
				CLANG_WARN_OBJC_LITERAL_CONVERSION = YES;
				CLANG_WARN_OBJC_ROOT_CLASS = YES_ERROR;
				CLANG_WARN_QUOTED_INCLUDE_IN_FRAMEWORK_HEADER = YES;
				CLANG_WARN_RANGE_LOOP_ANALYSIS = YES;
				CLANG_WARN_STRICT_PROTOTYPES = YES;
				CLANG_WARN_SUSPICIOUS_MOVE = YES;
				CLANG_WARN_UNGUARDED_AVAILABILITY = YES_AGGRESSIVE;
				CLANG_WARN_UNREACHABLE_CODE = YES;
				CLANG_WARN__DUPLICATE_METHOD_MATCH = YES;
				COPY_PHASE_STRIP = NO;
				DEBUG_INFORMATION_FORMAT = dwarf;
				ENABLE_STRICT_OBJC_MSGSEND = YES;
				ENABLE_TESTABILITY = YES;
				GCC_C_LANGUAGE_STANDARD = gnu11;
				GCC_DYNAMIC_NO_PIC = NO;
				GCC_NO_COMMON_BLOCKS = YES;
				GCC_OPTIMIZATION_LEVEL = 0;
				GCC_PREPROCESSOR_DEFINITIONS = (
					"DEBUG=1",
					"$(inherited)",
				);
				GCC_WARN_64_TO_32_BIT_CONVERSION = YES;
				GCC_WARN_ABOUT_RETURN_TYPE = YES_ERROR;
				GCC_WARN_UNDECLARED_SELECTOR = YES;
				GCC_WARN_UNINITIALIZED_AUTOS = YES_AGGRESSIVE;
				GCC_WARN_UNUSED_FUNCTION = YES;
				GCC_WARN_UNUSED_VARIABLE = YES;
				IPHONEOS_DEPLOYMENT_TARGET = 15.4;
				MTL_ENABLE_DEBUG_INFO = INCLUDE_SOURCE;
				MTL_FAST_MATH = YES;
				ONLY_ACTIVE_ARCH = YES;
				SDKROOT = iphoneos;
				SWIFT_ACTIVE_COMPILATION_CONDITIONS = DEBUG;
				SWIFT_OPTIMIZATION_LEVEL = "-Onone";
			};
			name = Debug;
		};
		3BA507F6286043B4005034CE /* Release */ = {
			isa = XCBuildConfiguration;
			buildSettings = {
				ALWAYS_SEARCH_USER_PATHS = NO;
				CLANG_ANALYZER_NONNULL = YES;
				CLANG_ANALYZER_NUMBER_OBJECT_CONVERSION = YES_AGGRESSIVE;
				CLANG_CXX_LANGUAGE_STANDARD = "gnu++17";
				CLANG_ENABLE_MODULES = YES;
				CLANG_ENABLE_OBJC_ARC = YES;
				CLANG_ENABLE_OBJC_WEAK = YES;
				CLANG_WARN_BLOCK_CAPTURE_AUTORELEASING = YES;
				CLANG_WARN_BOOL_CONVERSION = YES;
				CLANG_WARN_COMMA = YES;
				CLANG_WARN_CONSTANT_CONVERSION = YES;
				CLANG_WARN_DEPRECATED_OBJC_IMPLEMENTATIONS = YES;
				CLANG_WARN_DIRECT_OBJC_ISA_USAGE = YES_ERROR;
				CLANG_WARN_DOCUMENTATION_COMMENTS = YES;
				CLANG_WARN_EMPTY_BODY = YES;
				CLANG_WARN_ENUM_CONVERSION = YES;
				CLANG_WARN_INFINITE_RECURSION = YES;
				CLANG_WARN_INT_CONVERSION = YES;
				CLANG_WARN_NON_LITERAL_NULL_CONVERSION = YES;
				CLANG_WARN_OBJC_IMPLICIT_RETAIN_SELF = YES;
				CLANG_WARN_OBJC_LITERAL_CONVERSION = YES;
				CLANG_WARN_OBJC_ROOT_CLASS = YES_ERROR;
				CLANG_WARN_QUOTED_INCLUDE_IN_FRAMEWORK_HEADER = YES;
				CLANG_WARN_RANGE_LOOP_ANALYSIS = YES;
				CLANG_WARN_STRICT_PROTOTYPES = YES;
				CLANG_WARN_SUSPICIOUS_MOVE = YES;
				CLANG_WARN_UNGUARDED_AVAILABILITY = YES_AGGRESSIVE;
				CLANG_WARN_UNREACHABLE_CODE = YES;
				CLANG_WARN__DUPLICATE_METHOD_MATCH = YES;
				COPY_PHASE_STRIP = NO;
				DEBUG_INFORMATION_FORMAT = "dwarf-with-dsym";
				ENABLE_NS_ASSERTIONS = NO;
				ENABLE_STRICT_OBJC_MSGSEND = YES;
				GCC_C_LANGUAGE_STANDARD = gnu11;
				GCC_NO_COMMON_BLOCKS = YES;
				GCC_WARN_64_TO_32_BIT_CONVERSION = YES;
				GCC_WARN_ABOUT_RETURN_TYPE = YES_ERROR;
				GCC_WARN_UNDECLARED_SELECTOR = YES;
				GCC_WARN_UNINITIALIZED_AUTOS = YES_AGGRESSIVE;
				GCC_WARN_UNUSED_FUNCTION = YES;
				GCC_WARN_UNUSED_VARIABLE = YES;
				IPHONEOS_DEPLOYMENT_TARGET = 15.4;
				MTL_ENABLE_DEBUG_INFO = NO;
				MTL_FAST_MATH = YES;
				SDKROOT = iphoneos;
				SWIFT_COMPILATION_MODE = wholemodule;
				SWIFT_OPTIMIZATION_LEVEL = "-O";
				VALIDATE_PRODUCT = YES;
			};
			name = Release;
		};
		3BA507F8286043B4005034CE /* Debug */ = {
			isa = XCBuildConfiguration;
			buildSettings = {
				ASSETCATALOG_COMPILER_APPICON_NAME = AppIcon;
				ASSETCATALOG_COMPILER_GLOBAL_ACCENT_COLOR_NAME = AccentColor;
				CODE_SIGN_STYLE = Automatic;
				CURRENT_PROJECT_VERSION = 1;
				DEVELOPMENT_ASSET_PATHS = "\"ChessGame/Preview Content\"";
				DEVELOPMENT_TEAM = 6C4YL9RLK7;
				ENABLE_PREVIEWS = YES;
				GENERATE_INFOPLIST_FILE = YES;
				INFOPLIST_KEY_UIApplicationSceneManifest_Generation = YES;
				INFOPLIST_KEY_UIApplicationSupportsIndirectInputEvents = YES;
				INFOPLIST_KEY_UILaunchScreen_Generation = YES;
				INFOPLIST_KEY_UISupportedInterfaceOrientations_iPad = "UIInterfaceOrientationPortrait UIInterfaceOrientationPortraitUpsideDown UIInterfaceOrientationLandscapeLeft UIInterfaceOrientationLandscapeRight";
				INFOPLIST_KEY_UISupportedInterfaceOrientations_iPhone = "UIInterfaceOrientationPortrait UIInterfaceOrientationLandscapeLeft UIInterfaceOrientationLandscapeRight";
				LD_RUNPATH_SEARCH_PATHS = (
					"$(inherited)",
					"@executable_path/Frameworks",
				);
				MARKETING_VERSION = 1.0;
				PRODUCT_BUNDLE_IDENTIFIER = com.eunjin.ChessGame;
				PRODUCT_NAME = "$(TARGET_NAME)";
				SWIFT_EMIT_LOC_STRINGS = YES;
				SWIFT_VERSION = 5.0;
				TARGETED_DEVICE_FAMILY = "1,2";
			};
			name = Debug;
		};
		3BA507F9286043B4005034CE /* Release */ = {
			isa = XCBuildConfiguration;
			buildSettings = {
				ASSETCATALOG_COMPILER_APPICON_NAME = AppIcon;
				ASSETCATALOG_COMPILER_GLOBAL_ACCENT_COLOR_NAME = AccentColor;
				CODE_SIGN_STYLE = Automatic;
				CURRENT_PROJECT_VERSION = 1;
				DEVELOPMENT_ASSET_PATHS = "\"ChessGame/Preview Content\"";
				DEVELOPMENT_TEAM = 6C4YL9RLK7;
				ENABLE_PREVIEWS = YES;
				GENERATE_INFOPLIST_FILE = YES;
				INFOPLIST_KEY_UIApplicationSceneManifest_Generation = YES;
				INFOPLIST_KEY_UIApplicationSupportsIndirectInputEvents = YES;
				INFOPLIST_KEY_UILaunchScreen_Generation = YES;
				INFOPLIST_KEY_UISupportedInterfaceOrientations_iPad = "UIInterfaceOrientationPortrait UIInterfaceOrientationPortraitUpsideDown UIInterfaceOrientationLandscapeLeft UIInterfaceOrientationLandscapeRight";
				INFOPLIST_KEY_UISupportedInterfaceOrientations_iPhone = "UIInterfaceOrientationPortrait UIInterfaceOrientationLandscapeLeft UIInterfaceOrientationLandscapeRight";
				LD_RUNPATH_SEARCH_PATHS = (
					"$(inherited)",
					"@executable_path/Frameworks",
				);
				MARKETING_VERSION = 1.0;
				PRODUCT_BUNDLE_IDENTIFIER = com.eunjin.ChessGame;
				PRODUCT_NAME = "$(TARGET_NAME)";
				SWIFT_EMIT_LOC_STRINGS = YES;
				SWIFT_VERSION = 5.0;
				TARGETED_DEVICE_FAMILY = "1,2";
			};
			name = Release;
		};
		3BA507FB286043B4005034CE /* Debug */ = {
			isa = XCBuildConfiguration;
			buildSettings = {
				ALWAYS_EMBED_SWIFT_STANDARD_LIBRARIES = YES;
				BUNDLE_LOADER = "$(TEST_HOST)";
				CODE_SIGN_STYLE = Automatic;
				CURRENT_PROJECT_VERSION = 1;
				DEVELOPMENT_TEAM = 6C4YL9RLK7;
				GENERATE_INFOPLIST_FILE = YES;
				IPHONEOS_DEPLOYMENT_TARGET = 15.4;
				MARKETING_VERSION = 1.0;
				PRODUCT_BUNDLE_IDENTIFIER = com.eunjin.ChessGameTests;
				PRODUCT_NAME = "$(TARGET_NAME)";
				SWIFT_EMIT_LOC_STRINGS = NO;
				SWIFT_VERSION = 5.0;
				TARGETED_DEVICE_FAMILY = "1,2";
				TEST_HOST = "$(BUILT_PRODUCTS_DIR)/ChessGame.app/ChessGame";
			};
			name = Debug;
		};
		3BA507FC286043B4005034CE /* Release */ = {
			isa = XCBuildConfiguration;
			buildSettings = {
				ALWAYS_EMBED_SWIFT_STANDARD_LIBRARIES = YES;
				BUNDLE_LOADER = "$(TEST_HOST)";
				CODE_SIGN_STYLE = Automatic;
				CURRENT_PROJECT_VERSION = 1;
				DEVELOPMENT_TEAM = 6C4YL9RLK7;
				GENERATE_INFOPLIST_FILE = YES;
				IPHONEOS_DEPLOYMENT_TARGET = 15.4;
				MARKETING_VERSION = 1.0;
				PRODUCT_BUNDLE_IDENTIFIER = com.eunjin.ChessGameTests;
				PRODUCT_NAME = "$(TARGET_NAME)";
				SWIFT_EMIT_LOC_STRINGS = NO;
				SWIFT_VERSION = 5.0;
				TARGETED_DEVICE_FAMILY = "1,2";
				TEST_HOST = "$(BUILT_PRODUCTS_DIR)/ChessGame.app/ChessGame";
			};
			name = Release;
		};
		3BA507FE286043B4005034CE /* Debug */ = {
			isa = XCBuildConfiguration;
			buildSettings = {
				ALWAYS_EMBED_SWIFT_STANDARD_LIBRARIES = YES;
				CODE_SIGN_STYLE = Automatic;
				CURRENT_PROJECT_VERSION = 1;
				DEVELOPMENT_TEAM = 6C4YL9RLK7;
				GENERATE_INFOPLIST_FILE = YES;
				MARKETING_VERSION = 1.0;
				PRODUCT_BUNDLE_IDENTIFIER = com.eunjin.ChessGameUITests;
				PRODUCT_NAME = "$(TARGET_NAME)";
				SWIFT_EMIT_LOC_STRINGS = NO;
				SWIFT_VERSION = 5.0;
				TARGETED_DEVICE_FAMILY = "1,2";
				TEST_TARGET_NAME = ChessGame;
			};
			name = Debug;
		};
		3BA507FF286043B4005034CE /* Release */ = {
			isa = XCBuildConfiguration;
			buildSettings = {
				ALWAYS_EMBED_SWIFT_STANDARD_LIBRARIES = YES;
				CODE_SIGN_STYLE = Automatic;
				CURRENT_PROJECT_VERSION = 1;
				DEVELOPMENT_TEAM = 6C4YL9RLK7;
				GENERATE_INFOPLIST_FILE = YES;
				MARKETING_VERSION = 1.0;
				PRODUCT_BUNDLE_IDENTIFIER = com.eunjin.ChessGameUITests;
				PRODUCT_NAME = "$(TARGET_NAME)";
				SWIFT_EMIT_LOC_STRINGS = NO;
				SWIFT_VERSION = 5.0;
				TARGETED_DEVICE_FAMILY = "1,2";
				TEST_TARGET_NAME = ChessGame;
			};
			name = Release;
		};
/* End XCBuildConfiguration section */

/* Begin XCConfigurationList section */
		3BA507CE286043B2005034CE /* Build configuration list for PBXProject "ChessGame" */ = {
			isa = XCConfigurationList;
			buildConfigurations = (
				3BA507F5286043B4005034CE /* Debug */,
				3BA507F6286043B4005034CE /* Release */,
			);
			defaultConfigurationIsVisible = 0;
			defaultConfigurationName = Release;
		};
		3BA507F7286043B4005034CE /* Build configuration list for PBXNativeTarget "ChessGame" */ = {
			isa = XCConfigurationList;
			buildConfigurations = (
				3BA507F8286043B4005034CE /* Debug */,
				3BA507F9286043B4005034CE /* Release */,
			);
			defaultConfigurationIsVisible = 0;
			defaultConfigurationName = Release;
		};
		3BA507FA286043B4005034CE /* Build configuration list for PBXNativeTarget "ChessGameTests" */ = {
			isa = XCConfigurationList;
			buildConfigurations = (
				3BA507FB286043B4005034CE /* Debug */,
				3BA507FC286043B4005034CE /* Release */,
			);
			defaultConfigurationIsVisible = 0;
			defaultConfigurationName = Release;
		};
		3BA507FD286043B4005034CE /* Build configuration list for PBXNativeTarget "ChessGameUITests" */ = {
			isa = XCConfigurationList;
			buildConfigurations = (
				3BA507FE286043B4005034CE /* Debug */,
				3BA507FF286043B4005034CE /* Release */,
			);
			defaultConfigurationIsVisible = 0;
			defaultConfigurationName = Release;
		};
/* End XCConfigurationList section */

/* Begin XCSwiftPackageProductDependency section */
		3B5806D5286994E200E7B8BF /* ChessLogic */ = {
			isa = XCSwiftPackageProductDependency;
			productName = ChessLogic;
		};
/* End XCSwiftPackageProductDependency section */
	};
	rootObject = 3BA507CB286043B2005034CE /* Project object */;
}
