// !$*UTF8*$!
{
	archiveVersion = 1;
	classes = {
	};
	objectVersion = 55;
	objects = {

/* Begin PBXBuildFile section */
		C2F635D32860599C0042149B /* AppDelegate.swift in Sources */ = {isa = PBXBuildFile; fileRef = C2F635D22860599C0042149B /* AppDelegate.swift */; };
		C2F635D52860599C0042149B /* SceneDelegate.swift in Sources */ = {isa = PBXBuildFile; fileRef = C2F635D42860599C0042149B /* SceneDelegate.swift */; };
		C2F635D72860599C0042149B /* ViewController.swift in Sources */ = {isa = PBXBuildFile; fileRef = C2F635D62860599C0042149B /* ViewController.swift */; };
		C2F635DA2860599C0042149B /* Main.storyboard in Resources */ = {isa = PBXBuildFile; fileRef = C2F635D82860599C0042149B /* Main.storyboard */; };
		C2F635DC2860599D0042149B /* Assets.xcassets in Resources */ = {isa = PBXBuildFile; fileRef = C2F635DB2860599D0042149B /* Assets.xcassets */; };
		C2F635DF2860599D0042149B /* LaunchScreen.storyboard in Resources */ = {isa = PBXBuildFile; fileRef = C2F635DD2860599D0042149B /* LaunchScreen.storyboard */; };
		C2F635EA2860599D0042149B /* swift_chessTests.swift in Sources */ = {isa = PBXBuildFile; fileRef = C2F635E92860599D0042149B /* swift_chessTests.swift */; };
		C2F635F42860599E0042149B /* swift_chessUITests.swift in Sources */ = {isa = PBXBuildFile; fileRef = C2F635F32860599E0042149B /* swift_chessUITests.swift */; };
		C2F635F62860599E0042149B /* swift_chessUITestsLaunchTests.swift in Sources */ = {isa = PBXBuildFile; fileRef = C2F635F52860599E0042149B /* swift_chessUITestsLaunchTests.swift */; };
		C2F6360428605A090042149B /* Board.swift in Sources */ = {isa = PBXBuildFile; fileRef = C2F6360328605A090042149B /* Board.swift */; };
		C2F6360628605CE20042149B /* Pieces.swift in Sources */ = {isa = PBXBuildFile; fileRef = C2F6360528605CE20042149B /* Pieces.swift */; };
/* End PBXBuildFile section */

/* Begin PBXContainerItemProxy section */
		C2F635E62860599D0042149B /* PBXContainerItemProxy */ = {
			isa = PBXContainerItemProxy;
			containerPortal = C2F635C72860599C0042149B /* Project object */;
			proxyType = 1;
			remoteGlobalIDString = C2F635CE2860599C0042149B;
			remoteInfo = "swift-chess";
		};
		C2F635F02860599E0042149B /* PBXContainerItemProxy */ = {
			isa = PBXContainerItemProxy;
			containerPortal = C2F635C72860599C0042149B /* Project object */;
			proxyType = 1;
			remoteGlobalIDString = C2F635CE2860599C0042149B;
			remoteInfo = "swift-chess";
		};
/* End PBXContainerItemProxy section */

/* Begin PBXFileReference section */
		C2F635CF2860599C0042149B /* swift-chess.app */ = {isa = PBXFileReference; explicitFileType = wrapper.application; includeInIndex = 0; path = "swift-chess.app"; sourceTree = BUILT_PRODUCTS_DIR; };
		C2F635D22860599C0042149B /* AppDelegate.swift */ = {isa = PBXFileReference; lastKnownFileType = sourcecode.swift; path = AppDelegate.swift; sourceTree = "<group>"; };
		C2F635D42860599C0042149B /* SceneDelegate.swift */ = {isa = PBXFileReference; lastKnownFileType = sourcecode.swift; path = SceneDelegate.swift; sourceTree = "<group>"; };
		C2F635D62860599C0042149B /* ViewController.swift */ = {isa = PBXFileReference; lastKnownFileType = sourcecode.swift; path = ViewController.swift; sourceTree = "<group>"; };
		C2F635D92860599C0042149B /* Base */ = {isa = PBXFileReference; lastKnownFileType = file.storyboard; name = Base; path = Base.lproj/Main.storyboard; sourceTree = "<group>"; };
		C2F635DB2860599D0042149B /* Assets.xcassets */ = {isa = PBXFileReference; lastKnownFileType = folder.assetcatalog; path = Assets.xcassets; sourceTree = "<group>"; };
		C2F635DE2860599D0042149B /* Base */ = {isa = PBXFileReference; lastKnownFileType = file.storyboard; name = Base; path = Base.lproj/LaunchScreen.storyboard; sourceTree = "<group>"; };
		C2F635E02860599D0042149B /* Info.plist */ = {isa = PBXFileReference; lastKnownFileType = text.plist.xml; path = Info.plist; sourceTree = "<group>"; };
		C2F635E52860599D0042149B /* swift-chessTests.xctest */ = {isa = PBXFileReference; explicitFileType = wrapper.cfbundle; includeInIndex = 0; path = "swift-chessTests.xctest"; sourceTree = BUILT_PRODUCTS_DIR; };
		C2F635E92860599D0042149B /* swift_chessTests.swift */ = {isa = PBXFileReference; lastKnownFileType = sourcecode.swift; path = swift_chessTests.swift; sourceTree = "<group>"; };
		C2F635EF2860599E0042149B /* swift-chessUITests.xctest */ = {isa = PBXFileReference; explicitFileType = wrapper.cfbundle; includeInIndex = 0; path = "swift-chessUITests.xctest"; sourceTree = BUILT_PRODUCTS_DIR; };
		C2F635F32860599E0042149B /* swift_chessUITests.swift */ = {isa = PBXFileReference; lastKnownFileType = sourcecode.swift; path = swift_chessUITests.swift; sourceTree = "<group>"; };
		C2F635F52860599E0042149B /* swift_chessUITestsLaunchTests.swift */ = {isa = PBXFileReference; lastKnownFileType = sourcecode.swift; path = swift_chessUITestsLaunchTests.swift; sourceTree = "<group>"; };
		C2F6360328605A090042149B /* Board.swift */ = {isa = PBXFileReference; lastKnownFileType = sourcecode.swift; path = Board.swift; sourceTree = "<group>"; };
		C2F6360528605CE20042149B /* Pieces.swift */ = {isa = PBXFileReference; lastKnownFileType = sourcecode.swift; path = Pieces.swift; sourceTree = "<group>"; };
/* End PBXFileReference section */

/* Begin PBXFrameworksBuildPhase section */
		C2F635CC2860599C0042149B /* Frameworks */ = {
			isa = PBXFrameworksBuildPhase;
			buildActionMask = 2147483647;
			files = (
			);
			runOnlyForDeploymentPostprocessing = 0;
		};
		C2F635E22860599D0042149B /* Frameworks */ = {
			isa = PBXFrameworksBuildPhase;
			buildActionMask = 2147483647;
			files = (
			);
			runOnlyForDeploymentPostprocessing = 0;
		};
		C2F635EC2860599E0042149B /* Frameworks */ = {
			isa = PBXFrameworksBuildPhase;
			buildActionMask = 2147483647;
			files = (
			);
			runOnlyForDeploymentPostprocessing = 0;
		};
/* End PBXFrameworksBuildPhase section */

/* Begin PBXGroup section */
		C2F635C62860599C0042149B = {
			isa = PBXGroup;
			children = (
				C2F635D12860599C0042149B /* swift-chess */,
				C2F635E82860599D0042149B /* swift-chessTests */,
				C2F635F22860599E0042149B /* swift-chessUITests */,
				C2F635D02860599C0042149B /* Products */,
			);
			sourceTree = "<group>";
		};
		C2F635D02860599C0042149B /* Products */ = {
			isa = PBXGroup;
			children = (
				C2F635CF2860599C0042149B /* swift-chess.app */,
				C2F635E52860599D0042149B /* swift-chessTests.xctest */,
				C2F635EF2860599E0042149B /* swift-chessUITests.xctest */,
			);
			name = Products;
			sourceTree = "<group>";
		};
		C2F635D12860599C0042149B /* swift-chess */ = {
			isa = PBXGroup;
			children = (
				C2F63602286059FF0042149B /* mycodes */,
				C2F635D22860599C0042149B /* AppDelegate.swift */,
				C2F635D42860599C0042149B /* SceneDelegate.swift */,
				C2F635D62860599C0042149B /* ViewController.swift */,
				C2F635D82860599C0042149B /* Main.storyboard */,
				C2F635DB2860599D0042149B /* Assets.xcassets */,
				C2F635DD2860599D0042149B /* LaunchScreen.storyboard */,
				C2F635E02860599D0042149B /* Info.plist */,
			);
			path = "swift-chess";
			sourceTree = "<group>";
		};
		C2F635E82860599D0042149B /* swift-chessTests */ = {
			isa = PBXGroup;
			children = (
				C2F635E92860599D0042149B /* swift_chessTests.swift */,
			);
			path = "swift-chessTests";
			sourceTree = "<group>";
		};
		C2F635F22860599E0042149B /* swift-chessUITests */ = {
			isa = PBXGroup;
			children = (
				C2F635F32860599E0042149B /* swift_chessUITests.swift */,
				C2F635F52860599E0042149B /* swift_chessUITestsLaunchTests.swift */,
			);
			path = "swift-chessUITests";
			sourceTree = "<group>";
		};
		C2F63602286059FF0042149B /* mycodes */ = {
			isa = PBXGroup;
			children = (
				C2F6360328605A090042149B /* Board.swift */,
				C2F6360528605CE20042149B /* Pieces.swift */,
			);
			path = mycodes;
			sourceTree = "<group>";
		};
/* End PBXGroup section */

/* Begin PBXNativeTarget section */
		C2F635CE2860599C0042149B /* swift-chess */ = {
			isa = PBXNativeTarget;
			buildConfigurationList = C2F635F92860599E0042149B /* Build configuration list for PBXNativeTarget "swift-chess" */;
			buildPhases = (
				C2F635CB2860599C0042149B /* Sources */,
				C2F635CC2860599C0042149B /* Frameworks */,
				C2F635CD2860599C0042149B /* Resources */,
			);
			buildRules = (
			);
			dependencies = (
			);
			name = "swift-chess";
			productName = "swift-chess";
			productReference = C2F635CF2860599C0042149B /* swift-chess.app */;
			productType = "com.apple.product-type.application";
		};
		C2F635E42860599D0042149B /* swift-chessTests */ = {
			isa = PBXNativeTarget;
			buildConfigurationList = C2F635FC2860599E0042149B /* Build configuration list for PBXNativeTarget "swift-chessTests" */;
			buildPhases = (
				C2F635E12860599D0042149B /* Sources */,
				C2F635E22860599D0042149B /* Frameworks */,
				C2F635E32860599D0042149B /* Resources */,
			);
			buildRules = (
			);
			dependencies = (
				C2F635E72860599D0042149B /* PBXTargetDependency */,
			);
			name = "swift-chessTests";
			productName = "swift-chessTests";
			productReference = C2F635E52860599D0042149B /* swift-chessTests.xctest */;
			productType = "com.apple.product-type.bundle.unit-test";
		};
		C2F635EE2860599E0042149B /* swift-chessUITests */ = {
			isa = PBXNativeTarget;
			buildConfigurationList = C2F635FF2860599E0042149B /* Build configuration list for PBXNativeTarget "swift-chessUITests" */;
			buildPhases = (
				C2F635EB2860599E0042149B /* Sources */,
				C2F635EC2860599E0042149B /* Frameworks */,
				C2F635ED2860599E0042149B /* Resources */,
			);
			buildRules = (
			);
			dependencies = (
				C2F635F12860599E0042149B /* PBXTargetDependency */,
			);
			name = "swift-chessUITests";
			productName = "swift-chessUITests";
			productReference = C2F635EF2860599E0042149B /* swift-chessUITests.xctest */;
			productType = "com.apple.product-type.bundle.ui-testing";
		};
/* End PBXNativeTarget section */

/* Begin PBXProject section */
		C2F635C72860599C0042149B /* Project object */ = {
			isa = PBXProject;
			attributes = {
				BuildIndependentTargetsInParallel = 1;
				LastSwiftUpdateCheck = 1330;
				LastUpgradeCheck = 1330;
				TargetAttributes = {
					C2F635CE2860599C0042149B = {
						CreatedOnToolsVersion = 13.3.1;
					};
					C2F635E42860599D0042149B = {
						CreatedOnToolsVersion = 13.3.1;
						TestTargetID = C2F635CE2860599C0042149B;
					};
					C2F635EE2860599E0042149B = {
						CreatedOnToolsVersion = 13.3.1;
						TestTargetID = C2F635CE2860599C0042149B;
					};
				};
			};
			buildConfigurationList = C2F635CA2860599C0042149B /* Build configuration list for PBXProject "swift-chess" */;
			compatibilityVersion = "Xcode 13.0";
			developmentRegion = en;
			hasScannedForEncodings = 0;
			knownRegions = (
				en,
				Base,
			);
			mainGroup = C2F635C62860599C0042149B;
			productRefGroup = C2F635D02860599C0042149B /* Products */;
			projectDirPath = "";
			projectRoot = "";
			targets = (
				C2F635CE2860599C0042149B /* swift-chess */,
				C2F635E42860599D0042149B /* swift-chessTests */,
				C2F635EE2860599E0042149B /* swift-chessUITests */,
			);
		};
/* End PBXProject section */

/* Begin PBXResourcesBuildPhase section */
		C2F635CD2860599C0042149B /* Resources */ = {
			isa = PBXResourcesBuildPhase;
			buildActionMask = 2147483647;
			files = (
				C2F635DF2860599D0042149B /* LaunchScreen.storyboard in Resources */,
				C2F635DC2860599D0042149B /* Assets.xcassets in Resources */,
				C2F635DA2860599C0042149B /* Main.storyboard in Resources */,
			);
			runOnlyForDeploymentPostprocessing = 0;
		};
		C2F635E32860599D0042149B /* Resources */ = {
			isa = PBXResourcesBuildPhase;
			buildActionMask = 2147483647;
			files = (
			);
			runOnlyForDeploymentPostprocessing = 0;
		};
		C2F635ED2860599E0042149B /* Resources */ = {
			isa = PBXResourcesBuildPhase;
			buildActionMask = 2147483647;
			files = (
			);
			runOnlyForDeploymentPostprocessing = 0;
		};
/* End PBXResourcesBuildPhase section */

/* Begin PBXSourcesBuildPhase section */
		C2F635CB2860599C0042149B /* Sources */ = {
			isa = PBXSourcesBuildPhase;
			buildActionMask = 2147483647;
			files = (
				C2F6360628605CE20042149B /* Pieces.swift in Sources */,
				C2F635D72860599C0042149B /* ViewController.swift in Sources */,
				C2F635D32860599C0042149B /* AppDelegate.swift in Sources */,
				C2F6360428605A090042149B /* Board.swift in Sources */,
				C2F635D52860599C0042149B /* SceneDelegate.swift in Sources */,
			);
			runOnlyForDeploymentPostprocessing = 0;
		};
		C2F635E12860599D0042149B /* Sources */ = {
			isa = PBXSourcesBuildPhase;
			buildActionMask = 2147483647;
			files = (
				C2F635EA2860599D0042149B /* swift_chessTests.swift in Sources */,
			);
			runOnlyForDeploymentPostprocessing = 0;
		};
		C2F635EB2860599E0042149B /* Sources */ = {
			isa = PBXSourcesBuildPhase;
			buildActionMask = 2147483647;
			files = (
				C2F635F42860599E0042149B /* swift_chessUITests.swift in Sources */,
				C2F635F62860599E0042149B /* swift_chessUITestsLaunchTests.swift in Sources */,
			);
			runOnlyForDeploymentPostprocessing = 0;
		};
/* End PBXSourcesBuildPhase section */

/* Begin PBXTargetDependency section */
		C2F635E72860599D0042149B /* PBXTargetDependency */ = {
			isa = PBXTargetDependency;
			target = C2F635CE2860599C0042149B /* swift-chess */;
			targetProxy = C2F635E62860599D0042149B /* PBXContainerItemProxy */;
		};
		C2F635F12860599E0042149B /* PBXTargetDependency */ = {
			isa = PBXTargetDependency;
			target = C2F635CE2860599C0042149B /* swift-chess */;
			targetProxy = C2F635F02860599E0042149B /* PBXContainerItemProxy */;
		};
/* End PBXTargetDependency section */

/* Begin PBXVariantGroup section */
		C2F635D82860599C0042149B /* Main.storyboard */ = {
			isa = PBXVariantGroup;
			children = (
				C2F635D92860599C0042149B /* Base */,
			);
			name = Main.storyboard;
			sourceTree = "<group>";
		};
		C2F635DD2860599D0042149B /* LaunchScreen.storyboard */ = {
			isa = PBXVariantGroup;
			children = (
				C2F635DE2860599D0042149B /* Base */,
			);
			name = LaunchScreen.storyboard;
			sourceTree = "<group>";
		};
/* End PBXVariantGroup section */

/* Begin XCBuildConfiguration section */
		C2F635F72860599E0042149B /* Debug */ = {
			isa = XCBuildConfiguration;
			buildSettings = {
				ALWAYS_SEARCH_USER_PATHS = NO;
				CLANG_ANALYZER_NONNULL = YES;
				CLANG_ANALYZER_NUMBER_OBJECT_CONVERSION = YES_AGGRESSIVE;
				CLANG_CXX_LANGUAGE_STANDARD = "gnu++17";
				CLANG_ENABLE_MODULES = YES;
				CLANG_ENABLE_OBJC_ARC = YES;
				CLANG_ENABLE_OBJC_WEAK = YES;
				CLANG_WARN_BLOCK_CAPTURE_AUTORELEASING = YES;
				CLANG_WARN_BOOL_CONVERSION = YES;
				CLANG_WARN_COMMA = YES;
				CLANG_WARN_CONSTANT_CONVERSION = YES;
				CLANG_WARN_DEPRECATED_OBJC_IMPLEMENTATIONS = YES;
				CLANG_WARN_DIRECT_OBJC_ISA_USAGE = YES_ERROR;
				CLANG_WARN_DOCUMENTATION_COMMENTS = YES;
				CLANG_WARN_EMPTY_BODY = YES;
				CLANG_WARN_ENUM_CONVERSION = YES;
				CLANG_WARN_INFINITE_RECURSION = YES;
				CLANG_WARN_INT_CONVERSION = YES;
				CLANG_WARN_NON_LITERAL_NULL_CONVERSION = YES;
				CLANG_WARN_OBJC_IMPLICIT_RETAIN_SELF = YES;
				CLANG_WARN_OBJC_LITERAL_CONVERSION = YES;
				CLANG_WARN_OBJC_ROOT_CLASS = YES_ERROR;
				CLANG_WARN_QUOTED_INCLUDE_IN_FRAMEWORK_HEADER = YES;
				CLANG_WARN_RANGE_LOOP_ANALYSIS = YES;
				CLANG_WARN_STRICT_PROTOTYPES = YES;
				CLANG_WARN_SUSPICIOUS_MOVE = YES;
				CLANG_WARN_UNGUARDED_AVAILABILITY = YES_AGGRESSIVE;
				CLANG_WARN_UNREACHABLE_CODE = YES;
				CLANG_WARN__DUPLICATE_METHOD_MATCH = YES;
				COPY_PHASE_STRIP = NO;
				DEBUG_INFORMATION_FORMAT = dwarf;
				ENABLE_STRICT_OBJC_MSGSEND = YES;
				ENABLE_TESTABILITY = YES;
				GCC_C_LANGUAGE_STANDARD = gnu11;
				GCC_DYNAMIC_NO_PIC = NO;
				GCC_NO_COMMON_BLOCKS = YES;
				GCC_OPTIMIZATION_LEVEL = 0;
				GCC_PREPROCESSOR_DEFINITIONS = (
					"DEBUG=1",
					"$(inherited)",
				);
				GCC_WARN_64_TO_32_BIT_CONVERSION = YES;
				GCC_WARN_ABOUT_RETURN_TYPE = YES_ERROR;
				GCC_WARN_UNDECLARED_SELECTOR = YES;
				GCC_WARN_UNINITIALIZED_AUTOS = YES_AGGRESSIVE;
				GCC_WARN_UNUSED_FUNCTION = YES;
				GCC_WARN_UNUSED_VARIABLE = YES;
				IPHONEOS_DEPLOYMENT_TARGET = 15.4;
				MTL_ENABLE_DEBUG_INFO = INCLUDE_SOURCE;
				MTL_FAST_MATH = YES;
				ONLY_ACTIVE_ARCH = YES;
				SDKROOT = iphoneos;
				SWIFT_ACTIVE_COMPILATION_CONDITIONS = DEBUG;
				SWIFT_OPTIMIZATION_LEVEL = "-Onone";
			};
			name = Debug;
		};
		C2F635F82860599E0042149B /* Release */ = {
			isa = XCBuildConfiguration;
			buildSettings = {
				ALWAYS_SEARCH_USER_PATHS = NO;
				CLANG_ANALYZER_NONNULL = YES;
				CLANG_ANALYZER_NUMBER_OBJECT_CONVERSION = YES_AGGRESSIVE;
				CLANG_CXX_LANGUAGE_STANDARD = "gnu++17";
				CLANG_ENABLE_MODULES = YES;
				CLANG_ENABLE_OBJC_ARC = YES;
				CLANG_ENABLE_OBJC_WEAK = YES;
				CLANG_WARN_BLOCK_CAPTURE_AUTORELEASING = YES;
				CLANG_WARN_BOOL_CONVERSION = YES;
				CLANG_WARN_COMMA = YES;
				CLANG_WARN_CONSTANT_CONVERSION = YES;
				CLANG_WARN_DEPRECATED_OBJC_IMPLEMENTATIONS = YES;
				CLANG_WARN_DIRECT_OBJC_ISA_USAGE = YES_ERROR;
				CLANG_WARN_DOCUMENTATION_COMMENTS = YES;
				CLANG_WARN_EMPTY_BODY = YES;
				CLANG_WARN_ENUM_CONVERSION = YES;
				CLANG_WARN_INFINITE_RECURSION = YES;
				CLANG_WARN_INT_CONVERSION = YES;
				CLANG_WARN_NON_LITERAL_NULL_CONVERSION = YES;
				CLANG_WARN_OBJC_IMPLICIT_RETAIN_SELF = YES;
				CLANG_WARN_OBJC_LITERAL_CONVERSION = YES;
				CLANG_WARN_OBJC_ROOT_CLASS = YES_ERROR;
				CLANG_WARN_QUOTED_INCLUDE_IN_FRAMEWORK_HEADER = YES;
				CLANG_WARN_RANGE_LOOP_ANALYSIS = YES;
				CLANG_WARN_STRICT_PROTOTYPES = YES;
				CLANG_WARN_SUSPICIOUS_MOVE = YES;
				CLANG_WARN_UNGUARDED_AVAILABILITY = YES_AGGRESSIVE;
				CLANG_WARN_UNREACHABLE_CODE = YES;
				CLANG_WARN__DUPLICATE_METHOD_MATCH = YES;
				COPY_PHASE_STRIP = NO;
				DEBUG_INFORMATION_FORMAT = "dwarf-with-dsym";
				ENABLE_NS_ASSERTIONS = NO;
				ENABLE_STRICT_OBJC_MSGSEND = YES;
				GCC_C_LANGUAGE_STANDARD = gnu11;
				GCC_NO_COMMON_BLOCKS = YES;
				GCC_WARN_64_TO_32_BIT_CONVERSION = YES;
				GCC_WARN_ABOUT_RETURN_TYPE = YES_ERROR;
				GCC_WARN_UNDECLARED_SELECTOR = YES;
				GCC_WARN_UNINITIALIZED_AUTOS = YES_AGGRESSIVE;
				GCC_WARN_UNUSED_FUNCTION = YES;
				GCC_WARN_UNUSED_VARIABLE = YES;
				IPHONEOS_DEPLOYMENT_TARGET = 15.4;
				MTL_ENABLE_DEBUG_INFO = NO;
				MTL_FAST_MATH = YES;
				SDKROOT = iphoneos;
				SWIFT_COMPILATION_MODE = wholemodule;
				SWIFT_OPTIMIZATION_LEVEL = "-O";
				VALIDATE_PRODUCT = YES;
			};
			name = Release;
		};
		C2F635FA2860599E0042149B /* Debug */ = {
			isa = XCBuildConfiguration;
			buildSettings = {
				ASSETCATALOG_COMPILER_APPICON_NAME = AppIcon;
				ASSETCATALOG_COMPILER_GLOBAL_ACCENT_COLOR_NAME = AccentColor;
				CODE_SIGN_STYLE = Automatic;
				CURRENT_PROJECT_VERSION = 1;
				DEVELOPMENT_TEAM = 9M446S22QV;
				GENERATE_INFOPLIST_FILE = YES;
				INFOPLIST_FILE = "swift-chess/Info.plist";
				INFOPLIST_KEY_UIApplicationSupportsIndirectInputEvents = YES;
				INFOPLIST_KEY_UILaunchStoryboardName = LaunchScreen;
				INFOPLIST_KEY_UIMainStoryboardFile = Main;
				INFOPLIST_KEY_UISupportedInterfaceOrientations_iPad = "UIInterfaceOrientationPortrait UIInterfaceOrientationPortraitUpsideDown UIInterfaceOrientationLandscapeLeft UIInterfaceOrientationLandscapeRight";
				INFOPLIST_KEY_UISupportedInterfaceOrientations_iPhone = "UIInterfaceOrientationPortrait UIInterfaceOrientationLandscapeLeft UIInterfaceOrientationLandscapeRight";
				LD_RUNPATH_SEARCH_PATHS = (
					"$(inherited)",
					"@executable_path/Frameworks",
				);
				MARKETING_VERSION = 1.0;
				PRODUCT_BUNDLE_IDENTIFIER = "clean-swift.swift-chess";
				PRODUCT_NAME = "$(TARGET_NAME)";
				SWIFT_EMIT_LOC_STRINGS = YES;
				SWIFT_VERSION = 5.0;
				TARGETED_DEVICE_FAMILY = "1,2";
			};
			name = Debug;
		};
		C2F635FB2860599E0042149B /* Release */ = {
			isa = XCBuildConfiguration;
			buildSettings = {
				ASSETCATALOG_COMPILER_APPICON_NAME = AppIcon;
				ASSETCATALOG_COMPILER_GLOBAL_ACCENT_COLOR_NAME = AccentColor;
				CODE_SIGN_STYLE = Automatic;
				CURRENT_PROJECT_VERSION = 1;
				DEVELOPMENT_TEAM = 9M446S22QV;
				GENERATE_INFOPLIST_FILE = YES;
				INFOPLIST_FILE = "swift-chess/Info.plist";
				INFOPLIST_KEY_UIApplicationSupportsIndirectInputEvents = YES;
				INFOPLIST_KEY_UILaunchStoryboardName = LaunchScreen;
				INFOPLIST_KEY_UIMainStoryboardFile = Main;
				INFOPLIST_KEY_UISupportedInterfaceOrientations_iPad = "UIInterfaceOrientationPortrait UIInterfaceOrientationPortraitUpsideDown UIInterfaceOrientationLandscapeLeft UIInterfaceOrientationLandscapeRight";
				INFOPLIST_KEY_UISupportedInterfaceOrientations_iPhone = "UIInterfaceOrientationPortrait UIInterfaceOrientationLandscapeLeft UIInterfaceOrientationLandscapeRight";
				LD_RUNPATH_SEARCH_PATHS = (
					"$(inherited)",
					"@executable_path/Frameworks",
				);
				MARKETING_VERSION = 1.0;
				PRODUCT_BUNDLE_IDENTIFIER = "clean-swift.swift-chess";
				PRODUCT_NAME = "$(TARGET_NAME)";
				SWIFT_EMIT_LOC_STRINGS = YES;
				SWIFT_VERSION = 5.0;
				TARGETED_DEVICE_FAMILY = "1,2";
			};
			name = Release;
		};
		C2F635FD2860599E0042149B /* Debug */ = {
			isa = XCBuildConfiguration;
			buildSettings = {
				ALWAYS_EMBED_SWIFT_STANDARD_LIBRARIES = YES;
				BUNDLE_LOADER = "$(TEST_HOST)";
				CODE_SIGN_STYLE = Automatic;
				CURRENT_PROJECT_VERSION = 1;
				DEVELOPMENT_TEAM = 9M446S22QV;
				GENERATE_INFOPLIST_FILE = YES;
				IPHONEOS_DEPLOYMENT_TARGET = 15.4;
				MARKETING_VERSION = 1.0;
				PRODUCT_BUNDLE_IDENTIFIER = "clean-swift.swift-chessTests";
				PRODUCT_NAME = "$(TARGET_NAME)";
				SWIFT_EMIT_LOC_STRINGS = NO;
				SWIFT_VERSION = 5.0;
				TARGETED_DEVICE_FAMILY = "1,2";
				TEST_HOST = "$(BUILT_PRODUCTS_DIR)/swift-chess.app/swift-chess";
			};
			name = Debug;
		};
		C2F635FE2860599E0042149B /* Release */ = {
			isa = XCBuildConfiguration;
			buildSettings = {
				ALWAYS_EMBED_SWIFT_STANDARD_LIBRARIES = YES;
				BUNDLE_LOADER = "$(TEST_HOST)";
				CODE_SIGN_STYLE = Automatic;
				CURRENT_PROJECT_VERSION = 1;
				DEVELOPMENT_TEAM = 9M446S22QV;
				GENERATE_INFOPLIST_FILE = YES;
				IPHONEOS_DEPLOYMENT_TARGET = 15.4;
				MARKETING_VERSION = 1.0;
				PRODUCT_BUNDLE_IDENTIFIER = "clean-swift.swift-chessTests";
				PRODUCT_NAME = "$(TARGET_NAME)";
				SWIFT_EMIT_LOC_STRINGS = NO;
				SWIFT_VERSION = 5.0;
				TARGETED_DEVICE_FAMILY = "1,2";
				TEST_HOST = "$(BUILT_PRODUCTS_DIR)/swift-chess.app/swift-chess";
			};
			name = Release;
		};
		C2F636002860599E0042149B /* Debug */ = {
			isa = XCBuildConfiguration;
			buildSettings = {
				ALWAYS_EMBED_SWIFT_STANDARD_LIBRARIES = YES;
				CODE_SIGN_STYLE = Automatic;
				CURRENT_PROJECT_VERSION = 1;
				DEVELOPMENT_TEAM = 9M446S22QV;
				GENERATE_INFOPLIST_FILE = YES;
				MARKETING_VERSION = 1.0;
				PRODUCT_BUNDLE_IDENTIFIER = "clean-swift.swift-chessUITests";
				PRODUCT_NAME = "$(TARGET_NAME)";
				SWIFT_EMIT_LOC_STRINGS = NO;
				SWIFT_VERSION = 5.0;
				TARGETED_DEVICE_FAMILY = "1,2";
				TEST_TARGET_NAME = "swift-chess";
			};
			name = Debug;
		};
		C2F636012860599E0042149B /* Release */ = {
			isa = XCBuildConfiguration;
			buildSettings = {
				ALWAYS_EMBED_SWIFT_STANDARD_LIBRARIES = YES;
				CODE_SIGN_STYLE = Automatic;
				CURRENT_PROJECT_VERSION = 1;
				DEVELOPMENT_TEAM = 9M446S22QV;
				GENERATE_INFOPLIST_FILE = YES;
				MARKETING_VERSION = 1.0;
				PRODUCT_BUNDLE_IDENTIFIER = "clean-swift.swift-chessUITests";
				PRODUCT_NAME = "$(TARGET_NAME)";
				SWIFT_EMIT_LOC_STRINGS = NO;
				SWIFT_VERSION = 5.0;
				TARGETED_DEVICE_FAMILY = "1,2";
				TEST_TARGET_NAME = "swift-chess";
			};
			name = Release;
		};
/* End XCBuildConfiguration section */

/* Begin XCConfigurationList section */
		C2F635CA2860599C0042149B /* Build configuration list for PBXProject "swift-chess" */ = {
			isa = XCConfigurationList;
			buildConfigurations = (
				C2F635F72860599E0042149B /* Debug */,
				C2F635F82860599E0042149B /* Release */,
			);
			defaultConfigurationIsVisible = 0;
			defaultConfigurationName = Release;
		};
		C2F635F92860599E0042149B /* Build configuration list for PBXNativeTarget "swift-chess" */ = {
			isa = XCConfigurationList;
			buildConfigurations = (
				C2F635FA2860599E0042149B /* Debug */,
				C2F635FB2860599E0042149B /* Release */,
			);
			defaultConfigurationIsVisible = 0;
			defaultConfigurationName = Release;
		};
		C2F635FC2860599E0042149B /* Build configuration list for PBXNativeTarget "swift-chessTests" */ = {
			isa = XCConfigurationList;
			buildConfigurations = (
				C2F635FD2860599E0042149B /* Debug */,
				C2F635FE2860599E0042149B /* Release */,
			);
			defaultConfigurationIsVisible = 0;
			defaultConfigurationName = Release;
		};
		C2F635FF2860599E0042149B /* Build configuration list for PBXNativeTarget "swift-chessUITests" */ = {
			isa = XCConfigurationList;
			buildConfigurations = (
				C2F636002860599E0042149B /* Debug */,
				C2F636012860599E0042149B /* Release */,
			);
			defaultConfigurationIsVisible = 0;
			defaultConfigurationName = Release;
		};
/* End XCConfigurationList section */
	};
	rootObject = C2F635C72860599C0042149B /* Project object */;
}
